
Microsoft Visual Studio Solution File, Format Version 12.00
# Visual Studio Version 17
VisualStudioVersion = 17.3.32804.467
MinimumVisualStudioVersion = 10.0.40219.1
Project("{9A19103F-16F7-4668-BE54-9A1E7A4F7556}") = "BlazorEcommerce.Server", "BlazorEcommerce\Server\BlazorEcommerce.Server.csproj", "{086DCCC5-99DF-4F31-8951-09D4B25C3A79}"
EndProject
Project("{9A19103F-16F7-4668-BE54-9A1E7A4F7556}") = "BlazorEcommerce.Client", "BlazorEcommerce\Client\BlazorEcommerce.Client.csproj", "{0280ABA8-EBD6-428A-A1F0-27414AB1534A}"
EndProject
Project("{9A19103F-16F7-4668-BE54-9A1E7A4F7556}") = "BlazorEcommerce.Shared", "BlazorEcommerce\Shared\BlazorEcommerce.Shared.csproj", "{3617D7C7-224D-4994-9138-A993B1F04C22}"
EndProject
Global
	GlobalSection(SolutionConfigurationPlatforms) = preSolution
		Debug|Any CPU = Debug|Any CPU
		Release|Any CPU = Release|Any CPU
	EndGlobalSection
	GlobalSection(ProjectConfigurationPlatforms) = postSolution
		{086DCCC5-99DF-4F31-8951-09D4B25C3A79}.Debug|Any CPU.ActiveCfg = Debug|Any CPU
		{086DCCC5-99DF-4F31-8951-09D4B25C3A79}.Debug|Any CPU.Build.0 = Debug|Any CPU
		{086DCCC5-99DF-4F31-8951-09D4B25C3A79}.Release|Any CPU.ActiveCfg = Release|Any CPU
		{086DCCC5-99DF-4F31-8951-09D4B25C3A79}.Release|Any CPU.Build.0 = Release|Any CPU
		{0280ABA8-EBD6-428A-A1F0-27414AB1534A}.Debug|Any CPU.ActiveCfg = Debug|Any CPU
		{0280ABA8-EBD6-428A-A1F0-27414AB1534A}.Debug|Any CPU.Build.0 = Debug|Any CPU
		{0280ABA8-EBD6-428A-A1F0-27414AB1534A}.Release|Any CPU.ActiveCfg = Release|Any CPU
		{0280ABA8-EBD6-428A-A1F0-27414AB1534A}.Release|Any CPU.Build.0 = Release|Any CPU
		{3617D7C7-224D-4994-9138-A993B1F04C22}.Debug|Any CPU.ActiveCfg = Debug|Any CPU
		{3617D7C7-224D-4994-9138-A993B1F04C22}.Debug|Any CPU.Build.0 = Debug|Any CPU
		{3617D7C7-224D-4994-9138-A993B1F04C22}.Release|Any CPU.ActiveCfg = Release|Any CPU
		{3617D7C7-224D-4994-9138-A993B1F04C22}.Release|Any CPU.Build.0 = Release|Any CPU
	EndGlobalSection
	GlobalSection(SolutionProperties) = preSolution
		HideSolutionNode = FALSE
	EndGlobalSection
	GlobalSection(ExtensibilityGlobals) = postSolution
		SolutionGuid = {98D0212C-CB4F-4899-9B47-776F66F7C3C9}
	EndGlobalSection
EndGlobal
